{
  "name": "foo",
  "version": "1.0.0",
  "lockfileVersion": 3,
  "requires": true,
  "packages": {
    "": {
      "name": "foo",
      "version": "1.0.0",
      "license": "ISC",
      "dependencies": {
        "tiny-package": "github:egonSchiele/tiny-package"
      }
    },
    "node_modules/tiny-package": {
      "version": "1.0.0",
      "resolved": "git+ssh://git@github.com/egonSchiele/tiny-package.git#5e3393a45930212f1748eac2b81256fc02cfa6f6",
      "license": "ISC"
    }
  }
}
